
Microsoft Visual Studio Solution File, Format Version 12.00
# Visual Studio Version 16
VisualStudioVersion = 16.0.29613.14
MinimumVisualStudioVersion = 10.0.40219.1
Project("{FAE04EC0-301F-11D3-BF4B-00C04F79EFBC}") = "TokenCache", "TokenCache\TokenCache.csproj", "{A1E7CF26-1B83-4262-8B13-BF51CFCDF045}"
EndProject
Global
	GlobalSection(SolutionConfigurationPlatforms) = preSolution
		Debug|Any CPU = Debug|Any CPU
		Release|Any CPU = Release|Any CPU
	EndGlobalSection
	GlobalSection(ProjectConfigurationPlatforms) = postSolution
		{A1E7CF26-1B83-4262-8B13-BF51CFCDF045}.Debug|Any CPU.ActiveCfg = Debug|Any CPU
		{A1E7CF26-1B83-4262-8B13-BF51CFCDF045}.Debug|Any CPU.Build.0 = Debug|Any CPU
		{A1E7CF26-1B83-4262-8B13-BF51CFCDF045}.Release|Any CPU.ActiveCfg = Release|Any CPU
		{A1E7CF26-1B83-4262-8B13-BF51CFCDF045}.Release|Any CPU.Build.0 = Release|Any CPU
	EndGlobalSection
	GlobalSection(SolutionProperties) = preSolution
		HideSolutionNode = FALSE
	EndGlobalSection
	GlobalSection(ExtensibilityGlobals) = postSolution
		SolutionGuid = {5C97CACD-7F58-42E1-BBEA-DFEE2AB577DC}
	EndGlobalSection
EndGlobal
